
Microsoft Visual Studio Solution File, Format Version 12.00
# Visual Studio Version 17
VisualStudioVersion = 17.14.37111.16 d17.14
MinimumVisualStudioVersion = 10.0.40219.1
Project("{FAE04EC0-301F-11D3-BF4B-00C04F79EFBC}") = "VisualStudioProj", "VisualStudioProj\VisualStudioProj.csproj", "{C61EBB51-E6EB-4272-BB2D-DB0357ADE63E}"
EndProject
Global
	GlobalSection(SolutionConfigurationPlatforms) = preSolution
		Debug|Any CPU = Debug|Any CPU
		Release|Any CPU = Release|Any CPU
	EndGlobalSection
	GlobalSection(ProjectConfigurationPlatforms) = postSolution
		{C61EBB51-E6EB-4272-BB2D-DB0357ADE63E}.Debug|Any CPU.ActiveCfg = Debug|Any CPU
		{C61EBB51-E6EB-4272-BB2D-DB0357ADE63E}.Debug|Any CPU.Build.0 = Debug|Any CPU
		{C61EBB51-E6EB-4272-BB2D-DB0357ADE63E}.Release|Any CPU.ActiveCfg = Release|Any CPU
		{C61EBB51-E6EB-4272-BB2D-DB0357ADE63E}.Release|Any CPU.Build.0 = Release|Any CPU
	EndGlobalSection
	GlobalSection(SolutionProperties) = preSolution
		HideSolutionNode = FALSE
	EndGlobalSection
	GlobalSection(ExtensibilityGlobals) = postSolution
		SolutionGuid = {8BCB0220-5DB6-4D0F-9047-58C5BD14DE93}
	EndGlobalSection
EndGlobal
